
Microsoft Visual Studio Solution File, Format Version 12.00
# Visual Studio Version 17
VisualStudioVersion = 17.0.31903.59
MinimumVisualStudioVersion = 10.0.40219.1
Project("{FAE04EC0-301F-11D3-BF4B-00C04F79EFBC}") = "API", "API\API.csproj", "{3734C548-A701-4B7F-9F84-2825919BE8FA}"
EndProject
Project("{FAE04EC0-301F-11D3-BF4B-00C04F79EFBC}") = "Application", "Application\Application.csproj", "{3349FA43-6A33-40C0-9E05-EB3763B412C3}"
EndProject
Project("{FAE04EC0-301F-11D3-BF4B-00C04F79EFBC}") = "Domain", "Domain\Domain.csproj", "{4041F68F-7A2E-4B07-9ECA-64D540B28835}"
EndProject
Project("{FAE04EC0-301F-11D3-BF4B-00C04F79EFBC}") = "Persistence", "Persistence\Persistence.csproj", "{B3BBE044-6CAD-4057-90E0-5751C22C6D84}"
EndProject
Project("{FAE04EC0-301F-11D3-BF4B-00C04F79EFBC}") = "Infrastructure", "Infrastructure\Infrastructure.csproj", "{678AA807-0D55-42C2-AB6E-9B358BE41234}"
EndProject
Global
	GlobalSection(SolutionConfigurationPlatforms) = preSolution
		Debug|Any CPU = Debug|Any CPU
		Release|Any CPU = Release|Any CPU
	EndGlobalSection
	GlobalSection(SolutionProperties) = preSolution
		HideSolutionNode = FALSE
	EndGlobalSection
	GlobalSection(ProjectConfigurationPlatforms) = postSolution
		{3734C548-A701-4B7F-9F84-2825919BE8FA}.Debug|Any CPU.ActiveCfg = Debug|Any CPU
		{3734C548-A701-4B7F-9F84-2825919BE8FA}.Debug|Any CPU.Build.0 = Debug|Any CPU
		{3734C548-A701-4B7F-9F84-2825919BE8FA}.Release|Any CPU.ActiveCfg = Release|Any CPU
		{3734C548-A701-4B7F-9F84-2825919BE8FA}.Release|Any CPU.Build.0 = Release|Any CPU
		{3349FA43-6A33-40C0-9E05-EB3763B412C3}.Debug|Any CPU.ActiveCfg = Debug|Any CPU
		{3349FA43-6A33-40C0-9E05-EB3763B412C3}.Debug|Any CPU.Build.0 = Debug|Any CPU
		{3349FA43-6A33-40C0-9E05-EB3763B412C3}.Release|Any CPU.ActiveCfg = Release|Any CPU
		{3349FA43-6A33-40C0-9E05-EB3763B412C3}.Release|Any CPU.Build.0 = Release|Any CPU
		{4041F68F-7A2E-4B07-9ECA-64D540B28835}.Debug|Any CPU.ActiveCfg = Debug|Any CPU
		{4041F68F-7A2E-4B07-9ECA-64D540B28835}.Debug|Any CPU.Build.0 = Debug|Any CPU
		{4041F68F-7A2E-4B07-9ECA-64D540B28835}.Release|Any CPU.ActiveCfg = Release|Any CPU
		{4041F68F-7A2E-4B07-9ECA-64D540B28835}.Release|Any CPU.Build.0 = Release|Any CPU
		{B3BBE044-6CAD-4057-90E0-5751C22C6D84}.Debug|Any CPU.ActiveCfg = Debug|Any CPU
		{B3BBE044-6CAD-4057-90E0-5751C22C6D84}.Debug|Any CPU.Build.0 = Debug|Any CPU
		{B3BBE044-6CAD-4057-90E0-5751C22C6D84}.Release|Any CPU.ActiveCfg = Release|Any CPU
		{B3BBE044-6CAD-4057-90E0-5751C22C6D84}.Release|Any CPU.Build.0 = Release|Any CPU
		{678AA807-0D55-42C2-AB6E-9B358BE41234}.Debug|Any CPU.ActiveCfg = Debug|Any CPU
		{678AA807-0D55-42C2-AB6E-9B358BE41234}.Debug|Any CPU.Build.0 = Debug|Any CPU
		{678AA807-0D55-42C2-AB6E-9B358BE41234}.Release|Any CPU.ActiveCfg = Release|Any CPU
		{678AA807-0D55-42C2-AB6E-9B358BE41234}.Release|Any CPU.Build.0 = Release|Any CPU
	EndGlobalSection
EndGlobal
